PODS:
  - flutter_tts (0.0.1):
    - FlutterMacOS
  - FlutterMacOS (1.0.0)
  - speech_to_text (0.0.1):
    - Flutter
    - FlutterMacOS
    - Try
  - Try (2.1.1)

DEPENDENCIES:
  - flutter_tts (from `Flutter/ephemeral/.symlinks/plugins/flutter_tts/macos`)
  - FlutterMacOS (from `Flutter/ephemeral`)
  - speech_to_text (from `Flutter/ephemeral/.symlinks/plugins/speech_to_text/darwin`)

SPEC REPOS:
  trunk:
    - Try

EXTERNAL SOURCES:
  flutter_tts:
    :path: Flutter/ephemeral/.symlinks/plugins/flutter_tts/macos
  FlutterMacOS:
    :path: Flutter/ephemeral
  speech_to_text:
    :path: Flutter/ephemeral/.symlinks/plugins/speech_to_text/darwin

SPEC CHECKSUMS:
  flutter_tts: ae915565cc6948444b513acc8ee021993281e027
  FlutterMacOS: 8f6f14fa908a6fb3fba0cd85dbd81ec4b251fb24
  speech_to_text: 9dc43a5df3cbc2813f8c7cc9bd0fbf94268ed7ac
  Try: 5ef669ae832617b3cee58cb2c6f99fb767a4ff96

PODFILE CHECKSUM: 54d867c82ac51cbd61b565781b9fada492027009

COCOAPODS: 1.16.2
